
Microsoft Visual Studio Solution File, Format Version 12.00
# Visual Studio 15
VisualStudioVersion = 15.0.28010.2036
MinimumVisualStudioVersion = 10.0.40219.1
Project("{FAE04EC0-301F-11D3-BF4B-00C04F79EFBC}") = "ConsoleApplication", "GoogleSheetsV4\ConsoleApplication.csproj", "{381917AF-0EAB-44EA-8D9F-30F07AE50AC4}"
EndProject
Project("{FAE04EC0-301F-11D3-BF4B-00C04F79EFBC}") = "GoogleSheetsApiV4", "GoogleSheetsApiV4\GoogleSheetsApiV4.csproj", "{ED16EEF2-4448-4259-B1CB-66E494CF4EF6}"
EndProject
Global
	GlobalSection(SolutionConfigurationPlatforms) = preSolution
		Debug|Any CPU = Debug|Any CPU
		Release|Any CPU = Release|Any CPU
	EndGlobalSection
	GlobalSection(ProjectConfigurationPlatforms) = postSolution
		{381917AF-0EAB-44EA-8D9F-30F07AE50AC4}.Debug|Any CPU.ActiveCfg = Debug|Any CPU
		{381917AF-0EAB-44EA-8D9F-30F07AE50AC4}.Debug|Any CPU.Build.0 = Debug|Any CPU
		{381917AF-0EAB-44EA-8D9F-30F07AE50AC4}.Release|Any CPU.ActiveCfg = Release|Any CPU
		{381917AF-0EAB-44EA-8D9F-30F07AE50AC4}.Release|Any CPU.Build.0 = Release|Any CPU
		{ED16EEF2-4448-4259-B1CB-66E494CF4EF6}.Debug|Any CPU.ActiveCfg = Debug|Any CPU
		{ED16EEF2-4448-4259-B1CB-66E494CF4EF6}.Debug|Any CPU.Build.0 = Debug|Any CPU
		{ED16EEF2-4448-4259-B1CB-66E494CF4EF6}.Release|Any CPU.ActiveCfg = Release|Any CPU
		{ED16EEF2-4448-4259-B1CB-66E494CF4EF6}.Release|Any CPU.Build.0 = Release|Any CPU
	EndGlobalSection
	GlobalSection(SolutionProperties) = preSolution
		HideSolutionNode = FALSE
	EndGlobalSection
	GlobalSection(ExtensibilityGlobals) = postSolution
		SolutionGuid = {12E0FA02-3297-4AAB-84A9-1EA58FCE1A83}
	EndGlobalSection
EndGlobal
